PODS:
  - R.swift (5.4.0):
    - R.swift.Library (~> 5.3.0)
  - R.swift.Library (5.3.0)

DEPENDENCIES:
  - R.swift (= 5.4.0)

SPEC REPOS:
  trunk:
    - R.swift
    - R.swift.Library

SPEC CHECKSUMS:
  R.swift: c533450b0f7dc494e0993f5f1a1db925d84c3006
  R.swift.Library: 0fc583cb55a99e28901299cc451614cad1161962

PODFILE CHECKSUM: 10f6487fdef7bcdf66829cde4b32f9f5ca168f34

COCOAPODS: 1.10.1
